
Microsoft Visual Studio Solution File, Format Version 12.00
# Visual Studio Version 16
VisualStudioVersion = 16.0.31313.79
MinimumVisualStudioVersion = 10.0.40219.1
Project("{FAE04EC0-301F-11D3-BF4B-00C04F79EFBC}") = "CognizantChallenge", "CognizantChallenge\CognizantChallenge.csproj", "{6C7392B9-6CE7-4470-B63E-614052587F5B}"
EndProject
Global
	GlobalSection(SolutionConfigurationPlatforms) = preSolution
		Debug|Any CPU = Debug|Any CPU
		Release|Any CPU = Release|Any CPU
	EndGlobalSection
	GlobalSection(ProjectConfigurationPlatforms) = postSolution
		{6C7392B9-6CE7-4470-B63E-614052587F5B}.Debug|Any CPU.ActiveCfg = Debug|Any CPU
		{6C7392B9-6CE7-4470-B63E-614052587F5B}.Debug|Any CPU.Build.0 = Debug|Any CPU
		{6C7392B9-6CE7-4470-B63E-614052587F5B}.Release|Any CPU.ActiveCfg = Release|Any CPU
		{6C7392B9-6CE7-4470-B63E-614052587F5B}.Release|Any CPU.Build.0 = Release|Any CPU
	EndGlobalSection
	GlobalSection(SolutionProperties) = preSolution
		HideSolutionNode = FALSE
	EndGlobalSection
	GlobalSection(ExtensibilityGlobals) = postSolution
		SolutionGuid = {188F1E3D-B1E6-4F32-9F11-9F271D4578F2}
	EndGlobalSection
EndGlobal
